
Microsoft Visual Studio Solution File, Format Version 12.00
# Visual Studio Version 17
VisualStudioVersion = 17.9.34616.47
MinimumVisualStudioVersion = 10.0.40219.1
Project("{FAE04EC0-301F-11D3-BF4B-00C04F79EFBC}") = "Guia1MatrizyVector", "Guia1MatrizyVector\Guia1MatrizyVector.csproj", "{41D0E649-4318-4F3E-BE5B-1C09A5137C94}"
EndProject
Global
	GlobalSection(SolutionConfigurationPlatforms) = preSolution
		Debug|Any CPU = Debug|Any CPU
		Release|Any CPU = Release|Any CPU
	EndGlobalSection
	GlobalSection(ProjectConfigurationPlatforms) = postSolution
		{41D0E649-4318-4F3E-BE5B-1C09A5137C94}.Debug|Any CPU.ActiveCfg = Debug|Any CPU
		{41D0E649-4318-4F3E-BE5B-1C09A5137C94}.Debug|Any CPU.Build.0 = Debug|Any CPU
		{41D0E649-4318-4F3E-BE5B-1C09A5137C94}.Release|Any CPU.ActiveCfg = Release|Any CPU
		{41D0E649-4318-4F3E-BE5B-1C09A5137C94}.Release|Any CPU.Build.0 = Release|Any CPU
	EndGlobalSection
	GlobalSection(SolutionProperties) = preSolution
		HideSolutionNode = FALSE
	EndGlobalSection
	GlobalSection(ExtensibilityGlobals) = postSolution
		SolutionGuid = {9F883E5C-169D-4E7E-AE96-327B0782271F}
	EndGlobalSection
EndGlobal
